{
  "name": "iroh",
  "version": "0.0.1",
  "lockfileVersion": 1,
  "requires": true,
  "dependencies": {
    "@types/body-parser": {
      "version": "1.19.0",
      "resolved": "https://artifactory.global.square/artifactory/api/npm/square-npm/@types/body-parser/-/body-parser-1.19.0.tgz",
      "integrity": "sha1-BoWzxH6zAG/+0RfN1VFkth+AU48=",
      "dev": true,
      "requires": {
        "@types/connect": "*",
        "@types/node": "*"
      }
    },
    "@types/connect": {
      "version": "3.4.33",
      "resolved": "https://artifactory.global.square/artifactory/api/npm/square-npm/@types/connect/-/connect-3.4.33.tgz",
      "integrity": "sha1-MWEMkB7KVzuHE8MzCrxua59YhUY=",
      "dev": true,
      "requires": {
        "@types/node": "*"
      }
    },
    "@types/express": {
      "version": "4.17.6",
      "resolved": "https://artifactory.global.square/artifactory/api/npm/square-npm/@types/express/-/express-4.17.6.tgz",
      "integrity": "sha1-a85J5JVwUHuG6hsHuAbwRpf6xF4=",
      "dev": true,
      "requires": {
        "@types/body-parser": "*",
        "@types/express-serve-static-core": "*",
        "@types/qs": "*",
        "@types/serve-static": "*"
      }
    },
    "@types/express-serve-static-core": {
      "version": "4.17.7",
      "resolved": "https://artifactory.global.square/artifactory/api/npm/square-npm/@types/express-serve-static-core/-/express-serve-static-core-4.17.7.tgz",
      "integrity": "sha1-3+Yfhw61SdxtfhIFCQGEfH1+kVs=",
      "dev": true,
      "requires": {
        "@types/node": "*",
        "@types/qs": "*",
        "@types/range-parser": "*"
      }
    },
    "@types/mime": {
      "version": "2.0.2",
      "resolved": "https://artifactory.global.square/artifactory/api/npm/square-npm/@types/mime/-/mime-2.0.2.tgz",
      "integrity": "sha1-hXoRjYY0yEu6euFAiORQhJDNXaU=",
      "dev": true
    },
    "@types/node": {
      "version": "14.0.4",
      "resolved": "https://artifactory.global.square/artifactory/api/npm/square-npm/@types/node/-/node-14.0.4.tgz",
      "integrity": "sha1-Q6Y/xe3OImvtEGsxuHUWUlYnEQc=",
      "dev": true
    },
    "@types/qs": {
      "version": "6.9.3",
      "resolved": "https://artifactory.global.square/artifactory/api/npm/square-npm/@types/qs/-/qs-6.9.3.tgz",
      "integrity": "sha1-t1Wgk0VkogDT79+IVG7JPDaavQM=",
      "dev": true
    },
    "@types/range-parser": {
      "version": "1.2.3",
      "resolved": "https://artifactory.global.square/artifactory/api/npm/square-npm/@types/range-parser/-/range-parser-1.2.3.tgz",
      "integrity": "sha1-fuMwunyq+5gJC+zoal7kQRWQTCw=",
      "dev": true
    },
    "@types/serve-static": {
      "version": "1.13.4",
      "resolved": "https://artifactory.global.square/artifactory/api/npm/square-npm/@types/serve-static/-/serve-static-1.13.4.tgz",
      "integrity": "sha1-ZmKpNYPlpsq8obI1kuuR4S+oDnw=",
      "dev": true,
      "requires": {
        "@types/express-serve-static-core": "*",
        "@types/mime": "*"
      }
    },
    "@types/ws": {
      "version": "7.2.4",
      "resolved": "https://artifactory.global.square/artifactory/api/npm/square-npm/@types/ws/-/ws-7.2.4.tgz",
      "integrity": "sha1-s4Wfe5wkOyIO+slxbsQscWpylp0=",
      "dev": true,
      "requires": {
        "@types/node": "*"
      }
    },
    "typescript": {
      "version": "3.9.3",
      "resolved": "https://artifactory.global.square/artifactory/api/npm/square-npm/typescript/-/typescript-3.9.3.tgz",
      "integrity": "sha1-06yIg6l8JhOeQt9ek+7s4z1hC4o=",
      "dev": true
    },
    "ws": {
      "version": "7.3.0",
      "resolved": "https://registry.npmjs.org/ws/-/ws-7.3.0.tgz",
      "integrity": "sha512-iFtXzngZVXPGgpTlP1rBqsUK82p9tKqsWRPg5L56egiljujJT3vGAYnHANvFxBieXrTFavhzhxW52jnaWV+w2w=="
    }
  }
}
